
Microsoft Visual Studio Solution File, Format Version 12.00
Project("{8BC9CEB8-8B4A-11D0-8D11-00A0C91BC942}") = "Lesson33", "Lesson33\Lesson33.vcxproj", "{97C639DE-A864-446F-8A3B-2CB8C1F8F172}"
EndProject
Project("{8BC9CEB8-8B4A-11D0-8D11-00A0C91BC942}") = "Lesson32", "Lesson32\Lesson32.vcxproj", "{B98B55F0-E753-44AA-A54D-0E62DBCEEAF4}"
EndProject
Project("{8BC9CEB8-8B4A-11D0-8D11-00A0C91BC942}") = "Lesson34", "Lesson34\Lesson34.vcxproj", "{6784350B-0CD8-40DB-A7B4-4EC1690785B8}"
EndProject
Project("{8BC9CEB8-8B4A-11D0-8D11-00A0C91BC942}") = "Lesson35", "Lesson35\Lesson35.vcxproj", "{ABB894FE-F3D4-49B1-AB78-DA695C5A39B8}"
EndProject
Project("{8BC9CEB8-8B4A-11D0-8D11-00A0C91BC942}") = "Lesson36", "Lesson36\Lesson36.vcxproj", "{7BA25160-2087-4DBE-9A3C-EEDEE2A2631D}"
EndProject
Project("{8BC9CEB8-8B4A-11D0-8D11-00A0C91BC942}") = "Lesson37", "Lesson37\Lesson37.vcxproj", "{69536DF6-2E28-41EF-96BD-0C4DB4366100}"
EndProject
Project("{8BC9CEB8-8B4A-11D0-8D11-00A0C91BC942}") = "NecoUtility", "NecoUtility\NecoUtility.vcxproj", "{42492CAA-372F-401B-84B8-619B78FAE838}"
EndProject
Project("{8BC9CEB8-8B4A-11D0-8D11-00A0C91BC942}") = "Lesson38", "Lesson38\Lesson38.vcxproj", "{05B48EED-0E63-4DC0-AA19-0C184C60D56E}"
EndProject
Project("{8BC9CEB8-8B4A-11D0-8D11-00A0C91BC942}") = "Lesson39", "Lesson39\Lesson39.vcxproj", "{9DEFE3B5-5330-4F0D-B3BD-3555C831A47F}"
EndProject
Project("{8BC9CEB8-8B4A-11D0-8D11-00A0C91BC942}") = "Lesson40", "Lesson40\Lesson40.vcxproj", "{A87B8D15-24F9-4691-A7B3-4A1D05FBAB53}"
EndProject
Project("{8BC9CEB8-8B4A-11D0-8D11-00A0C91BC942}") = "Lesson41", "Lesson41\Lesson41.vcxproj", "{9C8B1B3C-E8BB-4866-A813-D7CD01677172}"
EndProject
Project("{8BC9CEB8-8B4A-11D0-8D11-00A0C91BC942}") = "Lesson42", "Lesson42\Lesson42.vcxproj", "{41A55339-F1FF-486E-BA8E-567423F2C084}"
EndProject
Project("{8BC9CEB8-8B4A-11D0-8D11-00A0C91BC942}") = "Lesson43", "Lesson43\Lesson43.vcxproj", "{E096CB03-06E4-4DAB-8B28-BBF483CA9B0B}"
EndProject
Project("{8BC9CEB8-8B4A-11D0-8D11-00A0C91BC942}") = "Lesson44", "Lesson44\Lesson44.vcxproj", "{66BC49CA-DD7D-4728-9820-2D8B97C218C8}"
EndProject
Project("{8BC9CEB8-8B4A-11D0-8D11-00A0C91BC942}") = "Lesson45", "Lesson45\Lesson45.vcxproj", "{D93C48A4-6A2D-4E2D-B604-2D2541DA57A0}"
EndProject
Project("{8BC9CEB8-8B4A-11D0-8D11-00A0C91BC942}") = "Lesson46", "Lesson46\Lesson46.vcxproj", "{90117A60-2644-4F14-954D-5FBEB2FC58FE}"
EndProject
Project("{8BC9CEB8-8B4A-11D0-8D11-00A0C91BC942}") = "Lesson47", "Lesson47\Lesson47.vcxproj", "{9A993510-21F4-4D9B-BA1D-F98A84C2AC2D}"
EndProject
Project("{8BC9CEB8-8B4A-11D0-8D11-00A0C91BC942}") = "Lesson48", "Lesson48\Lesson48.vcxproj", "{2073108A-D9C2-4B27-88F6-CD1404EFCAC2}"
EndProject
Global
	GlobalSection(SolutionConfigurationPlatforms) = preSolution
		Debug|Any CPU = Debug|Any CPU
		Release|Any CPU = Release|Any CPU
	EndGlobalSection
	GlobalSection(ProjectConfigurationPlatforms) = postSolution
		{97C639DE-A864-446F-8A3B-2CB8C1F8F172}.Debug|Any CPU.ActiveCfg = Debug|Win32
		{97C639DE-A864-446F-8A3B-2CB8C1F8F172}.Debug|Any CPU.Build.0 = Debug|Win32
		{97C639DE-A864-446F-8A3B-2CB8C1F8F172}.Release|Any CPU.ActiveCfg = Release|Win32
		{97C639DE-A864-446F-8A3B-2CB8C1F8F172}.Release|Any CPU.Build.0 = Release|Win32
		{B98B55F0-E753-44AA-A54D-0E62DBCEEAF4}.Debug|Any CPU.ActiveCfg = Debug|Win32
		{B98B55F0-E753-44AA-A54D-0E62DBCEEAF4}.Debug|Any CPU.Build.0 = Debug|Win32
		{B98B55F0-E753-44AA-A54D-0E62DBCEEAF4}.Release|Any CPU.ActiveCfg = Release|Win32
		{B98B55F0-E753-44AA-A54D-0E62DBCEEAF4}.Release|Any CPU.Build.0 = Release|Win32
		{6784350B-0CD8-40DB-A7B4-4EC1690785B8}.Debug|Any CPU.ActiveCfg = Debug|Win32
		{6784350B-0CD8-40DB-A7B4-4EC1690785B8}.Debug|Any CPU.Build.0 = Debug|Win32
		{6784350B-0CD8-40DB-A7B4-4EC1690785B8}.Release|Any CPU.ActiveCfg = Release|Win32
		{6784350B-0CD8-40DB-A7B4-4EC1690785B8}.Release|Any CPU.Build.0 = Release|Win32
		{ABB894FE-F3D4-49B1-AB78-DA695C5A39B8}.Debug|Any CPU.ActiveCfg = Debug|Win32
		{ABB894FE-F3D4-49B1-AB78-DA695C5A39B8}.Debug|Any CPU.Build.0 = Debug|Win32
		{ABB894FE-F3D4-49B1-AB78-DA695C5A39B8}.Release|Any CPU.ActiveCfg = Release|Win32
		{ABB894FE-F3D4-49B1-AB78-DA695C5A39B8}.Release|Any CPU.Build.0 = Release|Win32
		{7BA25160-2087-4DBE-9A3C-EEDEE2A2631D}.Debug|Any CPU.ActiveCfg = Debug|Win32
		{7BA25160-2087-4DBE-9A3C-EEDEE2A2631D}.Debug|Any CPU.Build.0 = Debug|Win32
		{7BA25160-2087-4DBE-9A3C-EEDEE2A2631D}.Release|Any CPU.ActiveCfg = Release|Win32
		{7BA25160-2087-4DBE-9A3C-EEDEE2A2631D}.Release|Any CPU.Build.0 = Release|Win32
		{69536DF6-2E28-41EF-96BD-0C4DB4366100}.Debug|Any CPU.ActiveCfg = Debug|Win32
		{69536DF6-2E28-41EF-96BD-0C4DB4366100}.Debug|Any CPU.Build.0 = Debug|Win32
		{69536DF6-2E28-41EF-96BD-0C4DB4366100}.Release|Any CPU.ActiveCfg = Release|Win32
		{69536DF6-2E28-41EF-96BD-0C4DB4366100}.Release|Any CPU.Build.0 = Release|Win32
		{42492CAA-372F-401B-84B8-619B78FAE838}.Debug|Any CPU.ActiveCfg = Debug|Win32
		{42492CAA-372F-401B-84B8-619B78FAE838}.Debug|Any CPU.Build.0 = Debug|Win32
		{42492CAA-372F-401B-84B8-619B78FAE838}.Release|Any CPU.ActiveCfg = Release|Win32
		{42492CAA-372F-401B-84B8-619B78FAE838}.Release|Any CPU.Build.0 = Release|Win32
		{05B48EED-0E63-4DC0-AA19-0C184C60D56E}.Debug|Any CPU.ActiveCfg = Debug|Win32
		{05B48EED-0E63-4DC0-AA19-0C184C60D56E}.Debug|Any CPU.Build.0 = Debug|Win32
		{05B48EED-0E63-4DC0-AA19-0C184C60D56E}.Release|Any CPU.ActiveCfg = Release|Win32
		{05B48EED-0E63-4DC0-AA19-0C184C60D56E}.Release|Any CPU.Build.0 = Release|Win32
		{9DEFE3B5-5330-4F0D-B3BD-3555C831A47F}.Debug|Any CPU.ActiveCfg = Debug|Win32
		{9DEFE3B5-5330-4F0D-B3BD-3555C831A47F}.Debug|Any CPU.Build.0 = Debug|Win32
		{9DEFE3B5-5330-4F0D-B3BD-3555C831A47F}.Release|Any CPU.ActiveCfg = Release|Win32
		{9DEFE3B5-5330-4F0D-B3BD-3555C831A47F}.Release|Any CPU.Build.0 = Release|Win32
		{A87B8D15-24F9-4691-A7B3-4A1D05FBAB53}.Debug|Any CPU.ActiveCfg = Debug|Win32
		{A87B8D15-24F9-4691-A7B3-4A1D05FBAB53}.Debug|Any CPU.Build.0 = Debug|Win32
		{A87B8D15-24F9-4691-A7B3-4A1D05FBAB53}.Release|Any CPU.ActiveCfg = Release|Win32
		{A87B8D15-24F9-4691-A7B3-4A1D05FBAB53}.Release|Any CPU.Build.0 = Release|Win32
		{9C8B1B3C-E8BB-4866-A813-D7CD01677172}.Debug|Any CPU.ActiveCfg = Debug|Win32
		{9C8B1B3C-E8BB-4866-A813-D7CD01677172}.Debug|Any CPU.Build.0 = Debug|Win32
		{9C8B1B3C-E8BB-4866-A813-D7CD01677172}.Release|Any CPU.ActiveCfg = Release|Win32
		{9C8B1B3C-E8BB-4866-A813-D7CD01677172}.Release|Any CPU.Build.0 = Release|Win32
		{41A55339-F1FF-486E-BA8E-567423F2C084}.Debug|Any CPU.ActiveCfg = Debug|Win32
		{41A55339-F1FF-486E-BA8E-567423F2C084}.Debug|Any CPU.Build.0 = Debug|Win32
		{41A55339-F1FF-486E-BA8E-567423F2C084}.Release|Any CPU.ActiveCfg = Release|Win32
		{41A55339-F1FF-486E-BA8E-567423F2C084}.Release|Any CPU.Build.0 = Release|Win32
		{E096CB03-06E4-4DAB-8B28-BBF483CA9B0B}.Debug|Any CPU.ActiveCfg = Debug|Win32
		{E096CB03-06E4-4DAB-8B28-BBF483CA9B0B}.Debug|Any CPU.Build.0 = Debug|Win32
		{E096CB03-06E4-4DAB-8B28-BBF483CA9B0B}.Release|Any CPU.ActiveCfg = Release|Win32
		{E096CB03-06E4-4DAB-8B28-BBF483CA9B0B}.Release|Any CPU.Build.0 = Release|Win32
		{66BC49CA-DD7D-4728-9820-2D8B97C218C8}.Debug|Any CPU.ActiveCfg = Debug|Win32
		{66BC49CA-DD7D-4728-9820-2D8B97C218C8}.Debug|Any CPU.Build.0 = Debug|Win32
		{66BC49CA-DD7D-4728-9820-2D8B97C218C8}.Release|Any CPU.ActiveCfg = Release|Win32
		{66BC49CA-DD7D-4728-9820-2D8B97C218C8}.Release|Any CPU.Build.0 = Release|Win32
		{D93C48A4-6A2D-4E2D-B604-2D2541DA57A0}.Debug|Any CPU.ActiveCfg = Debug|Win32
		{D93C48A4-6A2D-4E2D-B604-2D2541DA57A0}.Debug|Any CPU.Build.0 = Debug|Win32
		{D93C48A4-6A2D-4E2D-B604-2D2541DA57A0}.Release|Any CPU.ActiveCfg = Release|Win32
		{D93C48A4-6A2D-4E2D-B604-2D2541DA57A0}.Release|Any CPU.Build.0 = Release|Win32
		{90117A60-2644-4F14-954D-5FBEB2FC58FE}.Debug|Any CPU.ActiveCfg = Debug|Win32
		{90117A60-2644-4F14-954D-5FBEB2FC58FE}.Debug|Any CPU.Build.0 = Debug|Win32
		{90117A60-2644-4F14-954D-5FBEB2FC58FE}.Release|Any CPU.ActiveCfg = Release|Win32
		{90117A60-2644-4F14-954D-5FBEB2FC58FE}.Release|Any CPU.Build.0 = Release|Win32
		{9A993510-21F4-4D9B-BA1D-F98A84C2AC2D}.Debug|Any CPU.ActiveCfg = Debug|Win32
		{9A993510-21F4-4D9B-BA1D-F98A84C2AC2D}.Debug|Any CPU.Build.0 = Debug|Win32
		{9A993510-21F4-4D9B-BA1D-F98A84C2AC2D}.Release|Any CPU.ActiveCfg = Release|Win32
		{9A993510-21F4-4D9B-BA1D-F98A84C2AC2D}.Release|Any CPU.Build.0 = Release|Win32
		{2073108A-D9C2-4B27-88F6-CD1404EFCAC2}.Debug|Any CPU.ActiveCfg = Debug|Win32
		{2073108A-D9C2-4B27-88F6-CD1404EFCAC2}.Debug|Any CPU.Build.0 = Debug|Win32
		{2073108A-D9C2-4B27-88F6-CD1404EFCAC2}.Release|Any CPU.ActiveCfg = Release|Win32
		{2073108A-D9C2-4B27-88F6-CD1404EFCAC2}.Release|Any CPU.Build.0 = Release|Win32
	EndGlobalSection
EndGlobal
