
Microsoft Visual Studio Solution File, Format Version 12.00
Project("{8BC9CEB8-8B4A-11D0-8D11-00A0C91BC942}") = "NecoExamples", "NecoExamples\NecoExamples.vcxproj", "{1966D126-6F46-4A72-9CB3-9616530EE49D}"
EndProject
Project("{8BC9CEB8-8B4A-11D0-8D11-00A0C91BC942}") = "Lesson33", "Lesson33\Lesson33.vcxproj", "{97C639DE-A864-446F-8A3B-2CB8C1F8F172}"
EndProject
Project("{8BC9CEB8-8B4A-11D0-8D11-00A0C91BC942}") = "Lesson32", "Lesson32\Lesson32.vcxproj", "{B98B55F0-E753-44AA-A54D-0E62DBCEEAF4}"
EndProject
Project("{8BC9CEB8-8B4A-11D0-8D11-00A0C91BC942}") = "Lesson34", "Lesson34\Lesson34.vcxproj", "{6784350B-0CD8-40DB-A7B4-4EC1690785B8}"
EndProject
Global
	GlobalSection(SolutionConfigurationPlatforms) = preSolution
		Debug|Any CPU = Debug|Any CPU
		Release|Any CPU = Release|Any CPU
	EndGlobalSection
	GlobalSection(ProjectConfigurationPlatforms) = postSolution
		{1966D126-6F46-4A72-9CB3-9616530EE49D}.Debug|Any CPU.ActiveCfg = Debug|Win32
		{1966D126-6F46-4A72-9CB3-9616530EE49D}.Debug|Any CPU.Build.0 = Debug|Win32
		{1966D126-6F46-4A72-9CB3-9616530EE49D}.Release|Any CPU.ActiveCfg = Release|Win32
		{1966D126-6F46-4A72-9CB3-9616530EE49D}.Release|Any CPU.Build.0 = Release|Win32
		{97C639DE-A864-446F-8A3B-2CB8C1F8F172}.Debug|Any CPU.ActiveCfg = Debug|Win32
		{97C639DE-A864-446F-8A3B-2CB8C1F8F172}.Debug|Any CPU.Build.0 = Debug|Win32
		{97C639DE-A864-446F-8A3B-2CB8C1F8F172}.Release|Any CPU.ActiveCfg = Release|Win32
		{97C639DE-A864-446F-8A3B-2CB8C1F8F172}.Release|Any CPU.Build.0 = Release|Win32
		{B98B55F0-E753-44AA-A54D-0E62DBCEEAF4}.Debug|Any CPU.ActiveCfg = Debug|Win32
		{B98B55F0-E753-44AA-A54D-0E62DBCEEAF4}.Debug|Any CPU.Build.0 = Debug|Win32
		{B98B55F0-E753-44AA-A54D-0E62DBCEEAF4}.Release|Any CPU.ActiveCfg = Release|Win32
		{B98B55F0-E753-44AA-A54D-0E62DBCEEAF4}.Release|Any CPU.Build.0 = Release|Win32
		{6784350B-0CD8-40DB-A7B4-4EC1690785B8}.Debug|Any CPU.ActiveCfg = Debug|Win32
		{6784350B-0CD8-40DB-A7B4-4EC1690785B8}.Debug|Any CPU.Build.0 = Debug|Win32
		{6784350B-0CD8-40DB-A7B4-4EC1690785B8}.Release|Any CPU.ActiveCfg = Release|Win32
		{6784350B-0CD8-40DB-A7B4-4EC1690785B8}.Release|Any CPU.Build.0 = Release|Win32
	EndGlobalSection
EndGlobal
