
Microsoft Visual Studio Solution File, Format Version 12.00
Project("{8BC9CEB8-8B4A-11D0-8D11-00A0C91BC942}") = "Lesson33", "Lesson33\Lesson33.vcxproj", "{97C639DE-A864-446F-8A3B-2CB8C1F8F172}"
EndProject
Project("{8BC9CEB8-8B4A-11D0-8D11-00A0C91BC942}") = "Lesson32", "Lesson32\Lesson32.vcxproj", "{B98B55F0-E753-44AA-A54D-0E62DBCEEAF4}"
EndProject
Project("{8BC9CEB8-8B4A-11D0-8D11-00A0C91BC942}") = "Lesson34", "Lesson34\Lesson34.vcxproj", "{6784350B-0CD8-40DB-A7B4-4EC1690785B8}"
EndProject
Project("{8BC9CEB8-8B4A-11D0-8D11-00A0C91BC942}") = "Lesson35", "Lesson35\Lesson35.vcxproj", "{ABB894FE-F3D4-49B1-AB78-DA695C5A39B8}"
EndProject
Project("{8BC9CEB8-8B4A-11D0-8D11-00A0C91BC942}") = "Lesson36", "Lesson36\Lesson36.vcxproj", "{7BA25160-2087-4DBE-9A3C-EEDEE2A2631D}"
EndProject
Project("{8BC9CEB8-8B4A-11D0-8D11-00A0C91BC942}") = "Lesson37", "Lesson37\Lesson37.vcxproj", "{69536DF6-2E28-41EF-96BD-0C4DB4366100}"
EndProject
Project("{8BC9CEB8-8B4A-11D0-8D11-00A0C91BC942}") = "NecoUtility", "NecoUtility\NecoUtility.vcxproj", "{42492CAA-372F-401B-84B8-619B78FAE838}"
EndProject
Project("{8BC9CEB8-8B4A-11D0-8D11-00A0C91BC942}") = "Lesson38", "Lesson38\Lesson38.vcxproj", "{05B48EED-0E63-4DC0-AA19-0C184C60D56E}"
EndProject
Project("{8BC9CEB8-8B4A-11D0-8D11-00A0C91BC942}") = "Lesson39", "Lesson39\Lesson39.vcxproj", "{9DEFE3B5-5330-4F0D-B3BD-3555C831A47F}"
EndProject
Project("{8BC9CEB8-8B4A-11D0-8D11-00A0C91BC942}") = "Lesson40", "Lesson40\Lesson40.vcxproj", "{A87B8D15-24F9-4691-A7B3-4A1D05FBAB53}"
EndProject
Global
	GlobalSection(SolutionConfigurationPlatforms) = preSolution
		Debug|Any CPU = Debug|Any CPU
		Release|Any CPU = Release|Any CPU
	EndGlobalSection
	GlobalSection(ProjectConfigurationPlatforms) = postSolution
		{97C639DE-A864-446F-8A3B-2CB8C1F8F172}.Debug|Any CPU.ActiveCfg = Debug|Win32
		{97C639DE-A864-446F-8A3B-2CB8C1F8F172}.Debug|Any CPU.Build.0 = Debug|Win32
		{97C639DE-A864-446F-8A3B-2CB8C1F8F172}.Release|Any CPU.ActiveCfg = Release|Win32
		{97C639DE-A864-446F-8A3B-2CB8C1F8F172}.Release|Any CPU.Build.0 = Release|Win32
		{B98B55F0-E753-44AA-A54D-0E62DBCEEAF4}.Debug|Any CPU.ActiveCfg = Debug|Win32
		{B98B55F0-E753-44AA-A54D-0E62DBCEEAF4}.Debug|Any CPU.Build.0 = Debug|Win32
		{B98B55F0-E753-44AA-A54D-0E62DBCEEAF4}.Release|Any CPU.ActiveCfg = Release|Win32
		{B98B55F0-E753-44AA-A54D-0E62DBCEEAF4}.Release|Any CPU.Build.0 = Release|Win32
		{6784350B-0CD8-40DB-A7B4-4EC1690785B8}.Debug|Any CPU.ActiveCfg = Debug|Win32
		{6784350B-0CD8-40DB-A7B4-4EC1690785B8}.Debug|Any CPU.Build.0 = Debug|Win32
		{6784350B-0CD8-40DB-A7B4-4EC1690785B8}.Release|Any CPU.ActiveCfg = Release|Win32
		{6784350B-0CD8-40DB-A7B4-4EC1690785B8}.Release|Any CPU.Build.0 = Release|Win32
		{ABB894FE-F3D4-49B1-AB78-DA695C5A39B8}.Debug|Any CPU.ActiveCfg = Debug|Win32
		{ABB894FE-F3D4-49B1-AB78-DA695C5A39B8}.Debug|Any CPU.Build.0 = Debug|Win32
		{ABB894FE-F3D4-49B1-AB78-DA695C5A39B8}.Release|Any CPU.ActiveCfg = Release|Win32
		{ABB894FE-F3D4-49B1-AB78-DA695C5A39B8}.Release|Any CPU.Build.0 = Release|Win32
		{7BA25160-2087-4DBE-9A3C-EEDEE2A2631D}.Debug|Any CPU.ActiveCfg = Debug|Win32
		{7BA25160-2087-4DBE-9A3C-EEDEE2A2631D}.Debug|Any CPU.Build.0 = Debug|Win32
		{7BA25160-2087-4DBE-9A3C-EEDEE2A2631D}.Release|Any CPU.ActiveCfg = Release|Win32
		{7BA25160-2087-4DBE-9A3C-EEDEE2A2631D}.Release|Any CPU.Build.0 = Release|Win32
		{69536DF6-2E28-41EF-96BD-0C4DB4366100}.Debug|Any CPU.ActiveCfg = Debug|Win32
		{69536DF6-2E28-41EF-96BD-0C4DB4366100}.Debug|Any CPU.Build.0 = Debug|Win32
		{69536DF6-2E28-41EF-96BD-0C4DB4366100}.Release|Any CPU.ActiveCfg = Release|Win32
		{69536DF6-2E28-41EF-96BD-0C4DB4366100}.Release|Any CPU.Build.0 = Release|Win32
		{42492CAA-372F-401B-84B8-619B78FAE838}.Debug|Any CPU.ActiveCfg = Debug|Win32
		{42492CAA-372F-401B-84B8-619B78FAE838}.Debug|Any CPU.Build.0 = Debug|Win32
		{42492CAA-372F-401B-84B8-619B78FAE838}.Release|Any CPU.ActiveCfg = Release|Win32
		{42492CAA-372F-401B-84B8-619B78FAE838}.Release|Any CPU.Build.0 = Release|Win32
		{05B48EED-0E63-4DC0-AA19-0C184C60D56E}.Debug|Any CPU.ActiveCfg = Debug|Win32
		{05B48EED-0E63-4DC0-AA19-0C184C60D56E}.Debug|Any CPU.Build.0 = Debug|Win32
		{05B48EED-0E63-4DC0-AA19-0C184C60D56E}.Release|Any CPU.ActiveCfg = Release|Win32
		{05B48EED-0E63-4DC0-AA19-0C184C60D56E}.Release|Any CPU.Build.0 = Release|Win32
		{9DEFE3B5-5330-4F0D-B3BD-3555C831A47F}.Debug|Any CPU.ActiveCfg = Debug|Win32
		{9DEFE3B5-5330-4F0D-B3BD-3555C831A47F}.Debug|Any CPU.Build.0 = Debug|Win32
		{9DEFE3B5-5330-4F0D-B3BD-3555C831A47F}.Release|Any CPU.ActiveCfg = Release|Win32
		{9DEFE3B5-5330-4F0D-B3BD-3555C831A47F}.Release|Any CPU.Build.0 = Release|Win32
		{A87B8D15-24F9-4691-A7B3-4A1D05FBAB53}.Debug|Any CPU.ActiveCfg = Debug|Win32
		{A87B8D15-24F9-4691-A7B3-4A1D05FBAB53}.Debug|Any CPU.Build.0 = Debug|Win32
		{A87B8D15-24F9-4691-A7B3-4A1D05FBAB53}.Release|Any CPU.ActiveCfg = Release|Win32
		{A87B8D15-24F9-4691-A7B3-4A1D05FBAB53}.Release|Any CPU.Build.0 = Release|Win32
	EndGlobalSection
EndGlobal
